
Microsoft Visual Studio Solution File, Format Version 12.00
# Visual Studio Version 17
VisualStudioVersion = 17.3.32929.385
MinimumVisualStudioVersion = 10.0.40219.1
Project("{FAE04EC0-301F-11D3-BF4B-00C04F79EFBC}") = "Subscriber.WebApi", "WeightWatchers\Subscriber.WebApi.csproj", "{C6B0EF55-E56E-4288-9316-98FED9207291}"
EndProject
Project("{FAE04EC0-301F-11D3-BF4B-00C04F79EFBC}") = "Subscriber.Services", "Subscriber.Services\Subscriber.Services.csproj", "{564FD0BE-B666-4369-9ED8-0B10B2E02EA7}"
EndProject
Project("{FAE04EC0-301F-11D3-BF4B-00C04F79EFBC}") = "Subscriber.DAL", "Subscriber.DAL\Subscriber.DAL.csproj", "{4A02221A-54C1-4C3B-ABF0-DFEFA5F841A8}"
EndProject
Project("{FAE04EC0-301F-11D3-BF4B-00C04F79EFBC}") = "Subscriber.Core", "Subscriber.Core\Subscriber.Core.csproj", "{0D16E7F8-F1B5-4FCD-8A35-F90E79C294AD}"
EndProject
Project("{FAE04EC0-301F-11D3-BF4B-00C04F79EFBC}") = "Subscriber.Data", "Subscriber.Data\Subscriber.Data.csproj", "{38F9B198-C4FC-4207-9642-751665D4FCDE}"
EndProject
Global
	GlobalSection(SolutionConfigurationPlatforms) = preSolution
		Debug|Any CPU = Debug|Any CPU
		Release|Any CPU = Release|Any CPU
	EndGlobalSection
	GlobalSection(ProjectConfigurationPlatforms) = postSolution
		{C6B0EF55-E56E-4288-9316-98FED9207291}.Debug|Any CPU.ActiveCfg = Debug|Any CPU
		{C6B0EF55-E56E-4288-9316-98FED9207291}.Debug|Any CPU.Build.0 = Debug|Any CPU
		{C6B0EF55-E56E-4288-9316-98FED9207291}.Release|Any CPU.ActiveCfg = Release|Any CPU
		{C6B0EF55-E56E-4288-9316-98FED9207291}.Release|Any CPU.Build.0 = Release|Any CPU
		{564FD0BE-B666-4369-9ED8-0B10B2E02EA7}.Debug|Any CPU.ActiveCfg = Debug|Any CPU
		{564FD0BE-B666-4369-9ED8-0B10B2E02EA7}.Debug|Any CPU.Build.0 = Debug|Any CPU
		{564FD0BE-B666-4369-9ED8-0B10B2E02EA7}.Release|Any CPU.ActiveCfg = Release|Any CPU
		{564FD0BE-B666-4369-9ED8-0B10B2E02EA7}.Release|Any CPU.Build.0 = Release|Any CPU
		{4A02221A-54C1-4C3B-ABF0-DFEFA5F841A8}.Debug|Any CPU.ActiveCfg = Debug|Any CPU
		{4A02221A-54C1-4C3B-ABF0-DFEFA5F841A8}.Debug|Any CPU.Build.0 = Debug|Any CPU
		{4A02221A-54C1-4C3B-ABF0-DFEFA5F841A8}.Release|Any CPU.ActiveCfg = Release|Any CPU
		{4A02221A-54C1-4C3B-ABF0-DFEFA5F841A8}.Release|Any CPU.Build.0 = Release|Any CPU
		{0D16E7F8-F1B5-4FCD-8A35-F90E79C294AD}.Debug|Any CPU.ActiveCfg = Debug|Any CPU
		{0D16E7F8-F1B5-4FCD-8A35-F90E79C294AD}.Debug|Any CPU.Build.0 = Debug|Any CPU
		{0D16E7F8-F1B5-4FCD-8A35-F90E79C294AD}.Release|Any CPU.ActiveCfg = Release|Any CPU
		{0D16E7F8-F1B5-4FCD-8A35-F90E79C294AD}.Release|Any CPU.Build.0 = Release|Any CPU
		{38F9B198-C4FC-4207-9642-751665D4FCDE}.Debug|Any CPU.ActiveCfg = Debug|Any CPU
		{38F9B198-C4FC-4207-9642-751665D4FCDE}.Debug|Any CPU.Build.0 = Debug|Any CPU
		{38F9B198-C4FC-4207-9642-751665D4FCDE}.Release|Any CPU.ActiveCfg = Release|Any CPU
		{38F9B198-C4FC-4207-9642-751665D4FCDE}.Release|Any CPU.Build.0 = Release|Any CPU
	EndGlobalSection
	GlobalSection(SolutionProperties) = preSolution
		HideSolutionNode = FALSE
	EndGlobalSection
	GlobalSection(ExtensibilityGlobals) = postSolution
		SolutionGuid = {52A53D88-4A52-4009-9B3D-10AB23E487BF}
	EndGlobalSection
EndGlobal
